
Microsoft Visual Studio Solution File, Format Version 12.00
# Visual Studio 15
VisualStudioVersion = 15.0.28307.705
MinimumVisualStudioVersion = 10.0.40219.1
Project("{FAE04EC0-301F-11D3-BF4B-00C04F79EFBC}") = "MyBetsAPI", "MyBetsAPI\MyBetsAPI.csproj", "{CCD2A92E-1BA8-42A9-A0FF-3587A3A8BDAC}"
EndProject
Global
	GlobalSection(SolutionConfigurationPlatforms) = preSolution
		Debug|Any CPU = Debug|Any CPU
		Release|Any CPU = Release|Any CPU
	EndGlobalSection
	GlobalSection(ProjectConfigurationPlatforms) = postSolution
		{CCD2A92E-1BA8-42A9-A0FF-3587A3A8BDAC}.Debug|Any CPU.ActiveCfg = Debug|Any CPU
		{CCD2A92E-1BA8-42A9-A0FF-3587A3A8BDAC}.Debug|Any CPU.Build.0 = Debug|Any CPU
		{CCD2A92E-1BA8-42A9-A0FF-3587A3A8BDAC}.Release|Any CPU.ActiveCfg = Release|Any CPU
		{CCD2A92E-1BA8-42A9-A0FF-3587A3A8BDAC}.Release|Any CPU.Build.0 = Release|Any CPU
	EndGlobalSection
	GlobalSection(SolutionProperties) = preSolution
		HideSolutionNode = FALSE
	EndGlobalSection
	GlobalSection(ExtensibilityGlobals) = postSolution
		SolutionGuid = {AF68104B-883F-4452-B22A-204E9AD02FE7}
	EndGlobalSection
EndGlobal
